
Microsoft Visual Studio Solution File, Format Version 12.00
# Visual Studio 15
VisualStudioVersion = 15.0.28307.1022
MinimumVisualStudioVersion = 10.0.40219.1
Project("{FAE04EC0-301F-11D3-BF4B-00C04F79EFBC}") = "Programa_7_practica3", "Programa_7_practica3\Programa_7_practica3.csproj", "{00EA3F25-0C00-4A74-A718-BFD070E51DE9}"
EndProject
Global
	GlobalSection(SolutionConfigurationPlatforms) = preSolution
		Debug|Any CPU = Debug|Any CPU
		Release|Any CPU = Release|Any CPU
	EndGlobalSection
	GlobalSection(ProjectConfigurationPlatforms) = postSolution
		{00EA3F25-0C00-4A74-A718-BFD070E51DE9}.Debug|Any CPU.ActiveCfg = Debug|Any CPU
		{00EA3F25-0C00-4A74-A718-BFD070E51DE9}.Debug|Any CPU.Build.0 = Debug|Any CPU
		{00EA3F25-0C00-4A74-A718-BFD070E51DE9}.Release|Any CPU.ActiveCfg = Release|Any CPU
		{00EA3F25-0C00-4A74-A718-BFD070E51DE9}.Release|Any CPU.Build.0 = Release|Any CPU
	EndGlobalSection
	GlobalSection(SolutionProperties) = preSolution
		HideSolutionNode = FALSE
	EndGlobalSection
	GlobalSection(ExtensibilityGlobals) = postSolution
		SolutionGuid = {FF2466C6-3EB2-490A-919E-693E3146A894}
	EndGlobalSection
EndGlobal
